// !$*UTF8*$!
{
	archiveVersion = 1;
	classes = {
	};
	objectVersion = 50;
	objects = {

/* Begin PBXBuildFile section */
		020B837523B6ABD000C3E6D2 /* AppDelegate.swift in Sources */ = {isa = PBXBuildFile; fileRef = 020B837423B6ABD000C3E6D2 /* AppDelegate.swift */; };
		020B837723B6ABD000C3E6D2 /* SceneDelegate.swift in Sources */ = {isa = PBXBuildFile; fileRef = 020B837623B6ABD000C3E6D2 /* SceneDelegate.swift */; };
		020B837923B6ABD000C3E6D2 /* PlanetViewController.swift in Sources */ = {isa = PBXBuildFile; fileRef = 020B837823B6ABD000C3E6D2 /* PlanetViewController.swift */; };
		020B837C23B6ABD000C3E6D2 /* Main.storyboard in Resources */ = {isa = PBXBuildFile; fileRef = 020B837A23B6ABD000C3E6D2 /* Main.storyboard */; };
		020B837F23B6ABD000C3E6D2 /* PlanetAssessment.xcdatamodeld in Sources */ = {isa = PBXBuildFile; fileRef = 020B837D23B6ABD000C3E6D2 /* PlanetAssessment.xcdatamodeld */; };
		020B838123B6ABD300C3E6D2 /* Assets.xcassets in Resources */ = {isa = PBXBuildFile; fileRef = 020B838023B6ABD300C3E6D2 /* Assets.xcassets */; };
		020B838423B6ABD300C3E6D2 /* LaunchScreen.storyboard in Resources */ = {isa = PBXBuildFile; fileRef = 020B838223B6ABD300C3E6D2 /* LaunchScreen.storyboard */; };
		020B839323B7C57B00C3E6D2 /* AlertViewController.swift in Sources */ = {isa = PBXBuildFile; fileRef = 020B839223B7C57A00C3E6D2 /* AlertViewController.swift */; };
		020B839523B7C62500C3E6D2 /* Planet.swift in Sources */ = {isa = PBXBuildFile; fileRef = 020B839423B7C62500C3E6D2 /* Planet.swift */; };
		020B839923B7CB5F00C3E6D2 /* PlanetTableCell.swift in Sources */ = {isa = PBXBuildFile; fileRef = 020B839823B7CB5F00C3E6D2 /* PlanetTableCell.swift */; };
		020B839B23BBBA9200C3E6D2 /* CoreManager.swift in Sources */ = {isa = PBXBuildFile; fileRef = 020B839A23BBBA9200C3E6D2 /* CoreManager.swift */; };
		020B839D23BBC26800C3E6D2 /* AddViewController.swift in Sources */ = {isa = PBXBuildFile; fileRef = 020B839C23BBC26800C3E6D2 /* AddViewController.swift */; };
		020B839F23BBC3DC00C3E6D2 /* ViewModel.swift in Sources */ = {isa = PBXBuildFile; fileRef = 020B839E23BBC3DC00C3E6D2 /* ViewModel.swift */; };
		020B83AA23BBF1DA00C3E6D2 /* PlanetAssessmentTests.swift in Sources */ = {isa = PBXBuildFile; fileRef = 020B83A923BBF1DA00C3E6D2 /* PlanetAssessmentTests.swift */; };
/* End PBXBuildFile section */

/* Begin PBXContainerItemProxy section */
		020B83AC23BBF1DA00C3E6D2 /* PBXContainerItemProxy */ = {
			isa = PBXContainerItemProxy;
			containerPortal = 020B836923B6ABD000C3E6D2 /* Project object */;
			proxyType = 1;
			remoteGlobalIDString = 020B837023B6ABD000C3E6D2;
			remoteInfo = PlanetAssessment;
		};
/* End PBXContainerItemProxy section */

/* Begin PBXFileReference section */
		020B837123B6ABD000C3E6D2 /* PlanetApp.app */ = {isa = PBXFileReference; explicitFileType = wrapper.application; includeInIndex = 0; path = PlanetApp.app; sourceTree = BUILT_PRODUCTS_DIR; };
		020B837423B6ABD000C3E6D2 /* AppDelegate.swift */ = {isa = PBXFileReference; lastKnownFileType = sourcecode.swift; path = AppDelegate.swift; sourceTree = "<group>"; };
		020B837623B6ABD000C3E6D2 /* SceneDelegate.swift */ = {isa = PBXFileReference; lastKnownFileType = sourcecode.swift; path = SceneDelegate.swift; sourceTree = "<group>"; };
		020B837823B6ABD000C3E6D2 /* PlanetViewController.swift */ = {isa = PBXFileReference; lastKnownFileType = sourcecode.swift; path = PlanetViewController.swift; sourceTree = "<group>"; };
		020B837B23B6ABD000C3E6D2 /* Base */ = {isa = PBXFileReference; lastKnownFileType = file.storyboard; name = Base; path = Base.lproj/Main.storyboard; sourceTree = "<group>"; };
		020B837E23B6ABD000C3E6D2 /* PlanetAssessment.xcdatamodel */ = {isa = PBXFileReference; lastKnownFileType = wrapper.xcdatamodel; path = PlanetAssessment.xcdatamodel; sourceTree = "<group>"; };
		020B838023B6ABD300C3E6D2 /* Assets.xcassets */ = {isa = PBXFileReference; lastKnownFileType = folder.assetcatalog; path = Assets.xcassets; sourceTree = "<group>"; };
		020B838323B6ABD300C3E6D2 /* Base */ = {isa = PBXFileReference; lastKnownFileType = file.storyboard; name = Base; path = Base.lproj/LaunchScreen.storyboard; sourceTree = "<group>"; };
		020B838523B6ABD300C3E6D2 /* Info.plist */ = {isa = PBXFileReference; lastKnownFileType = text.plist.xml; path = Info.plist; sourceTree = "<group>"; };
		020B839223B7C57A00C3E6D2 /* AlertViewController.swift */ = {isa = PBXFileReference; lastKnownFileType = sourcecode.swift; path = AlertViewController.swift; sourceTree = "<group>"; };
		020B839423B7C62500C3E6D2 /* Planet.swift */ = {isa = PBXFileReference; lastKnownFileType = sourcecode.swift; path = Planet.swift; sourceTree = "<group>"; };
		020B839823B7CB5F00C3E6D2 /* PlanetTableCell.swift */ = {isa = PBXFileReference; lastKnownFileType = sourcecode.swift; path = PlanetTableCell.swift; sourceTree = "<group>"; };
		020B839A23BBBA9200C3E6D2 /* CoreManager.swift */ = {isa = PBXFileReference; lastKnownFileType = sourcecode.swift; path = CoreManager.swift; sourceTree = "<group>"; };
		020B839C23BBC26800C3E6D2 /* AddViewController.swift */ = {isa = PBXFileReference; lastKnownFileType = sourcecode.swift; path = AddViewController.swift; sourceTree = "<group>"; };
		020B839E23BBC3DC00C3E6D2 /* ViewModel.swift */ = {isa = PBXFileReference; lastKnownFileType = sourcecode.swift; path = ViewModel.swift; sourceTree = "<group>"; };
		020B83A723BBF1DA00C3E6D2 /* PlanetAssessmentTests.xctest */ = {isa = PBXFileReference; explicitFileType = wrapper.cfbundle; includeInIndex = 0; path = PlanetAssessmentTests.xctest; sourceTree = BUILT_PRODUCTS_DIR; };
		020B83A923BBF1DA00C3E6D2 /* PlanetAssessmentTests.swift */ = {isa = PBXFileReference; lastKnownFileType = sourcecode.swift; path = PlanetAssessmentTests.swift; sourceTree = "<group>"; };
		020B83AB23BBF1DA00C3E6D2 /* Info.plist */ = {isa = PBXFileReference; lastKnownFileType = text.plist.xml; path = Info.plist; sourceTree = "<group>"; };
/* End PBXFileReference section */

/* Begin PBXFrameworksBuildPhase section */
		020B836E23B6ABD000C3E6D2 /* Frameworks */ = {
			isa = PBXFrameworksBuildPhase;
			buildActionMask = 2147483647;
			files = (
			);
			runOnlyForDeploymentPostprocessing = 0;
		};
		020B83A423BBF1DA00C3E6D2 /* Frameworks */ = {
			isa = PBXFrameworksBuildPhase;
			buildActionMask = 2147483647;
			files = (
			);
			runOnlyForDeploymentPostprocessing = 0;
		};
/* End PBXFrameworksBuildPhase section */

/* Begin PBXGroup section */
		020B836823B6ABD000C3E6D2 = {
			isa = PBXGroup;
			children = (
				020B837323B6ABD000C3E6D2 /* PlanetAssessment */,
				020B83A823BBF1DA00C3E6D2 /* PlanetAssessmentTests */,
				020B837223B6ABD000C3E6D2 /* Products */,
			);
			sourceTree = "<group>";
		};
		020B837223B6ABD000C3E6D2 /* Products */ = {
			isa = PBXGroup;
			children = (
				020B837123B6ABD000C3E6D2 /* PlanetApp.app */,
				020B83A723BBF1DA00C3E6D2 /* PlanetAssessmentTests.xctest */,
			);
			name = Products;
			sourceTree = "<group>";
		};
		020B837323B6ABD000C3E6D2 /* PlanetAssessment */ = {
			isa = PBXGroup;
			children = (
				020B838B23B6B1AE00C3E6D2 /* Model */,
				020B838C23B6B1CF00C3E6D2 /* Extension */,
				020B838D23B6B1DD00C3E6D2 /* Storyboard */,
				020B838E23B6B1E300C3E6D2 /* Service */,
				020B838F23B6B21200C3E6D2 /* View */,
				020B839023B6B23D00C3E6D2 /* ViewController */,
				020B839123B6B24B00C3E6D2 /* ViewModel */,
				020B837423B6ABD000C3E6D2 /* AppDelegate.swift */,
				020B837623B6ABD000C3E6D2 /* SceneDelegate.swift */,
				020B838523B6ABD300C3E6D2 /* Info.plist */,
			);
			path = PlanetAssessment;
			sourceTree = "<group>";
		};
		020B838B23B6B1AE00C3E6D2 /* Model */ = {
			isa = PBXGroup;
			children = (
				020B837D23B6ABD000C3E6D2 /* PlanetAssessment.xcdatamodeld */,
				020B839423B7C62500C3E6D2 /* Planet.swift */,
			);
			path = Model;
			sourceTree = "<group>";
		};
		020B838C23B6B1CF00C3E6D2 /* Extension */ = {
			isa = PBXGroup;
			children = (
			);
			path = Extension;
			sourceTree = "<group>";
		};
		020B838D23B6B1DD00C3E6D2 /* Storyboard */ = {
			isa = PBXGroup;
			children = (
				020B837A23B6ABD000C3E6D2 /* Main.storyboard */,
				020B838223B6ABD300C3E6D2 /* LaunchScreen.storyboard */,
			);
			path = Storyboard;
			sourceTree = "<group>";
		};
		020B838E23B6B1E300C3E6D2 /* Service */ = {
			isa = PBXGroup;
			children = (
				020B839A23BBBA9200C3E6D2 /* CoreManager.swift */,
			);
			path = Service;
			sourceTree = "<group>";
		};
		020B838F23B6B21200C3E6D2 /* View */ = {
			isa = PBXGroup;
			children = (
				020B838023B6ABD300C3E6D2 /* Assets.xcassets */,
				020B839823B7CB5F00C3E6D2 /* PlanetTableCell.swift */,
			);
			path = View;
			sourceTree = "<group>";
		};
		020B839023B6B23D00C3E6D2 /* ViewController */ = {
			isa = PBXGroup;
			children = (
				020B837823B6ABD000C3E6D2 /* PlanetViewController.swift */,
				020B839223B7C57A00C3E6D2 /* AlertViewController.swift */,
				020B839C23BBC26800C3E6D2 /* AddViewController.swift */,
			);
			path = ViewController;
			sourceTree = "<group>";
		};
		020B839123B6B24B00C3E6D2 /* ViewModel */ = {
			isa = PBXGroup;
			children = (
				020B839E23BBC3DC00C3E6D2 /* ViewModel.swift */,
			);
			path = ViewModel;
			sourceTree = "<group>";
		};
		020B83A823BBF1DA00C3E6D2 /* PlanetAssessmentTests */ = {
			isa = PBXGroup;
			children = (
				020B83A923BBF1DA00C3E6D2 /* PlanetAssessmentTests.swift */,
				020B83AB23BBF1DA00C3E6D2 /* Info.plist */,
			);
			path = PlanetAssessmentTests;
			sourceTree = "<group>";
		};
/* End PBXGroup section */

/* Begin PBXNativeTarget section */
		020B837023B6ABD000C3E6D2 /* PlanetAssessment */ = {
			isa = PBXNativeTarget;
			buildConfigurationList = 020B838823B6ABD300C3E6D2 /* Build configuration list for PBXNativeTarget "PlanetAssessment" */;
			buildPhases = (
				020B836D23B6ABD000C3E6D2 /* Sources */,
				020B836E23B6ABD000C3E6D2 /* Frameworks */,
				020B836F23B6ABD000C3E6D2 /* Resources */,
			);
			buildRules = (
			);
			dependencies = (
			);
			name = PlanetAssessment;
			productName = PlanetAssessment;
			productReference = 020B837123B6ABD000C3E6D2 /* PlanetApp.app */;
			productType = "com.apple.product-type.application";
		};
		020B83A623BBF1DA00C3E6D2 /* PlanetAssessmentTests */ = {
			isa = PBXNativeTarget;
			buildConfigurationList = 020B83B023BBF1DA00C3E6D2 /* Build configuration list for PBXNativeTarget "PlanetAssessmentTests" */;
			buildPhases = (
				020B83A323BBF1DA00C3E6D2 /* Sources */,
				020B83A423BBF1DA00C3E6D2 /* Frameworks */,
				020B83A523BBF1DA00C3E6D2 /* Resources */,
			);
			buildRules = (
			);
			dependencies = (
				020B83AD23BBF1DA00C3E6D2 /* PBXTargetDependency */,
			);
			name = PlanetAssessmentTests;
			productName = PlanetAssessmentTests;
			productReference = 020B83A723BBF1DA00C3E6D2 /* PlanetAssessmentTests.xctest */;
			productType = "com.apple.product-type.bundle.unit-test";
		};
/* End PBXNativeTarget section */

/* Begin PBXProject section */
		020B836923B6ABD000C3E6D2 /* Project object */ = {
			isa = PBXProject;
			attributes = {
				LastSwiftUpdateCheck = 1120;
				LastUpgradeCheck = 1120;
				ORGANIZATIONNAME = MAC;
				TargetAttributes = {
					020B837023B6ABD000C3E6D2 = {
						CreatedOnToolsVersion = 11.2.1;
					};
					020B83A623BBF1DA00C3E6D2 = {
						CreatedOnToolsVersion = 11.2.1;
						TestTargetID = 020B837023B6ABD000C3E6D2;
					};
				};
			};
			buildConfigurationList = 020B836C23B6ABD000C3E6D2 /* Build configuration list for PBXProject "PlanetAssessment" */;
			compatibilityVersion = "Xcode 9.3";
			developmentRegion = en;
			hasScannedForEncodings = 0;
			knownRegions = (
				en,
				Base,
			);
			mainGroup = 020B836823B6ABD000C3E6D2;
			productRefGroup = 020B837223B6ABD000C3E6D2 /* Products */;
			projectDirPath = "";
			projectRoot = "";
			targets = (
				020B837023B6ABD000C3E6D2 /* PlanetAssessment */,
				020B83A623BBF1DA00C3E6D2 /* PlanetAssessmentTests */,
			);
		};
/* End PBXProject section */

/* Begin PBXResourcesBuildPhase section */
		020B836F23B6ABD000C3E6D2 /* Resources */ = {
			isa = PBXResourcesBuildPhase;
			buildActionMask = 2147483647;
			files = (
				020B838423B6ABD300C3E6D2 /* LaunchScreen.storyboard in Resources */,
				020B838123B6ABD300C3E6D2 /* Assets.xcassets in Resources */,
				020B837C23B6ABD000C3E6D2 /* Main.storyboard in Resources */,
			);
			runOnlyForDeploymentPostprocessing = 0;
		};
		020B83A523BBF1DA00C3E6D2 /* Resources */ = {
			isa = PBXResourcesBuildPhase;
			buildActionMask = 2147483647;
			files = (
			);
			runOnlyForDeploymentPostprocessing = 0;
		};
/* End PBXResourcesBuildPhase section */

/* Begin PBXSourcesBuildPhase section */
		020B836D23B6ABD000C3E6D2 /* Sources */ = {
			isa = PBXSourcesBuildPhase;
			buildActionMask = 2147483647;
			files = (
				020B839F23BBC3DC00C3E6D2 /* ViewModel.swift in Sources */,
				020B839B23BBBA9200C3E6D2 /* CoreManager.swift in Sources */,
				020B837923B6ABD000C3E6D2 /* PlanetViewController.swift in Sources */,
				020B839D23BBC26800C3E6D2 /* AddViewController.swift in Sources */,
				020B837523B6ABD000C3E6D2 /* AppDelegate.swift in Sources */,
				020B839923B7CB5F00C3E6D2 /* PlanetTableCell.swift in Sources */,
				020B837723B6ABD000C3E6D2 /* SceneDelegate.swift in Sources */,
				020B839523B7C62500C3E6D2 /* Planet.swift in Sources */,
				020B839323B7C57B00C3E6D2 /* AlertViewController.swift in Sources */,
				020B837F23B6ABD000C3E6D2 /* PlanetAssessment.xcdatamodeld in Sources */,
			);
			runOnlyForDeploymentPostprocessing = 0;
		};
		020B83A323BBF1DA00C3E6D2 /* Sources */ = {
			isa = PBXSourcesBuildPhase;
			buildActionMask = 2147483647;
			files = (
				020B83AA23BBF1DA00C3E6D2 /* PlanetAssessmentTests.swift in Sources */,
			);
			runOnlyForDeploymentPostprocessing = 0;
		};
/* End PBXSourcesBuildPhase section */

/* Begin PBXTargetDependency section */
		020B83AD23BBF1DA00C3E6D2 /* PBXTargetDependency */ = {
			isa = PBXTargetDependency;
			target = 020B837023B6ABD000C3E6D2 /* PlanetAssessment */;
			targetProxy = 020B83AC23BBF1DA00C3E6D2 /* PBXContainerItemProxy */;
		};
/* End PBXTargetDependency section */

/* Begin PBXVariantGroup section */
		020B837A23B6ABD000C3E6D2 /* Main.storyboard */ = {
			isa = PBXVariantGroup;
			children = (
				020B837B23B6ABD000C3E6D2 /* Base */,
			);
			name = Main.storyboard;
			sourceTree = "<group>";
		};
		020B838223B6ABD300C3E6D2 /* LaunchScreen.storyboard */ = {
			isa = PBXVariantGroup;
			children = (
				020B838323B6ABD300C3E6D2 /* Base */,
			);
			name = LaunchScreen.storyboard;
			sourceTree = "<group>";
		};
/* End PBXVariantGroup section */

/* Begin XCBuildConfiguration section */
		020B838623B6ABD300C3E6D2 /* Debug */ = {
			isa = XCBuildConfiguration;
			buildSettings = {
				ALWAYS_SEARCH_USER_PATHS = NO;
				CLANG_ANALYZER_NONNULL = YES;
				CLANG_ANALYZER_NUMBER_OBJECT_CONVERSION = YES_AGGRESSIVE;
				CLANG_CXX_LANGUAGE_STANDARD = "gnu++14";
				CLANG_CXX_LIBRARY = "libc++";
				CLANG_ENABLE_MODULES = YES;
				CLANG_ENABLE_OBJC_ARC = YES;
				CLANG_ENABLE_OBJC_WEAK = YES;
				CLANG_WARN_BLOCK_CAPTURE_AUTORELEASING = YES;
				CLANG_WARN_BOOL_CONVERSION = YES;
				CLANG_WARN_COMMA = YES;
				CLANG_WARN_CONSTANT_CONVERSION = YES;
				CLANG_WARN_DEPRECATED_OBJC_IMPLEMENTATIONS = YES;
				CLANG_WARN_DIRECT_OBJC_ISA_USAGE = YES_ERROR;
				CLANG_WARN_DOCUMENTATION_COMMENTS = YES;
				CLANG_WARN_EMPTY_BODY = YES;
				CLANG_WARN_ENUM_CONVERSION = YES;
				CLANG_WARN_INFINITE_RECURSION = YES;
				CLANG_WARN_INT_CONVERSION = YES;
				CLANG_WARN_NON_LITERAL_NULL_CONVERSION = YES;
				CLANG_WARN_OBJC_IMPLICIT_RETAIN_SELF = YES;
				CLANG_WARN_OBJC_LITERAL_CONVERSION = YES;
				CLANG_WARN_OBJC_ROOT_CLASS = YES_ERROR;
				CLANG_WARN_RANGE_LOOP_ANALYSIS = YES;
				CLANG_WARN_STRICT_PROTOTYPES = YES;
				CLANG_WARN_SUSPICIOUS_MOVE = YES;
				CLANG_WARN_UNGUARDED_AVAILABILITY = YES_AGGRESSIVE;
				CLANG_WARN_UNREACHABLE_CODE = YES;
				CLANG_WARN__DUPLICATE_METHOD_MATCH = YES;
				COPY_PHASE_STRIP = NO;
				DEBUG_INFORMATION_FORMAT = dwarf;
				ENABLE_STRICT_OBJC_MSGSEND = YES;
				ENABLE_TESTABILITY = YES;
				GCC_C_LANGUAGE_STANDARD = gnu11;
				GCC_DYNAMIC_NO_PIC = NO;
				GCC_NO_COMMON_BLOCKS = YES;
				GCC_OPTIMIZATION_LEVEL = 0;
				GCC_PREPROCESSOR_DEFINITIONS = (
					"DEBUG=1",
					"$(inherited)",
				);
				GCC_WARN_64_TO_32_BIT_CONVERSION = YES;
				GCC_WARN_ABOUT_RETURN_TYPE = YES_ERROR;
				GCC_WARN_UNDECLARED_SELECTOR = YES;
				GCC_WARN_UNINITIALIZED_AUTOS = YES_AGGRESSIVE;
				GCC_WARN_UNUSED_FUNCTION = YES;
				GCC_WARN_UNUSED_VARIABLE = YES;
				IPHONEOS_DEPLOYMENT_TARGET = 13.2;
				MTL_ENABLE_DEBUG_INFO = INCLUDE_SOURCE;
				MTL_FAST_MATH = YES;
				ONLY_ACTIVE_ARCH = YES;
				SDKROOT = iphoneos;
				SWIFT_ACTIVE_COMPILATION_CONDITIONS = DEBUG;
				SWIFT_OPTIMIZATION_LEVEL = "-Onone";
			};
			name = Debug;
		};
		020B838723B6ABD300C3E6D2 /* Release */ = {
			isa = XCBuildConfiguration;
			buildSettings = {
				ALWAYS_SEARCH_USER_PATHS = NO;
				CLANG_ANALYZER_NONNULL = YES;
				CLANG_ANALYZER_NUMBER_OBJECT_CONVERSION = YES_AGGRESSIVE;
				CLANG_CXX_LANGUAGE_STANDARD = "gnu++14";
				CLANG_CXX_LIBRARY = "libc++";
				CLANG_ENABLE_MODULES = YES;
				CLANG_ENABLE_OBJC_ARC = YES;
				CLANG_ENABLE_OBJC_WEAK = YES;
				CLANG_WARN_BLOCK_CAPTURE_AUTORELEASING = YES;
				CLANG_WARN_BOOL_CONVERSION = YES;
				CLANG_WARN_COMMA = YES;
				CLANG_WARN_CONSTANT_CONVERSION = YES;
				CLANG_WARN_DEPRECATED_OBJC_IMPLEMENTATIONS = YES;
				CLANG_WARN_DIRECT_OBJC_ISA_USAGE = YES_ERROR;
				CLANG_WARN_DOCUMENTATION_COMMENTS = YES;
				CLANG_WARN_EMPTY_BODY = YES;
				CLANG_WARN_ENUM_CONVERSION = YES;
				CLANG_WARN_INFINITE_RECURSION = YES;
				CLANG_WARN_INT_CONVERSION = YES;
				CLANG_WARN_NON_LITERAL_NULL_CONVERSION = YES;
				CLANG_WARN_OBJC_IMPLICIT_RETAIN_SELF = YES;
				CLANG_WARN_OBJC_LITERAL_CONVERSION = YES;
				CLANG_WARN_OBJC_ROOT_CLASS = YES_ERROR;
				CLANG_WARN_RANGE_LOOP_ANALYSIS = YES;
				CLANG_WARN_STRICT_PROTOTYPES = YES;
				CLANG_WARN_SUSPICIOUS_MOVE = YES;
				CLANG_WARN_UNGUARDED_AVAILABILITY = YES_AGGRESSIVE;
				CLANG_WARN_UNREACHABLE_CODE = YES;
				CLANG_WARN__DUPLICATE_METHOD_MATCH = YES;
				COPY_PHASE_STRIP = NO;
				DEBUG_INFORMATION_FORMAT = "dwarf-with-dsym";
				ENABLE_NS_ASSERTIONS = NO;
				ENABLE_STRICT_OBJC_MSGSEND = YES;
				GCC_C_LANGUAGE_STANDARD = gnu11;
				GCC_NO_COMMON_BLOCKS = YES;
				GCC_WARN_64_TO_32_BIT_CONVERSION = YES;
				GCC_WARN_ABOUT_RETURN_TYPE = YES_ERROR;
				GCC_WARN_UNDECLARED_SELECTOR = YES;
				GCC_WARN_UNINITIALIZED_AUTOS = YES_AGGRESSIVE;
				GCC_WARN_UNUSED_FUNCTION = YES;
				GCC_WARN_UNUSED_VARIABLE = YES;
				IPHONEOS_DEPLOYMENT_TARGET = 13.2;
				MTL_ENABLE_DEBUG_INFO = NO;
				MTL_FAST_MATH = YES;
				SDKROOT = iphoneos;
				SWIFT_COMPILATION_MODE = wholemodule;
				SWIFT_OPTIMIZATION_LEVEL = "-O";
				VALIDATE_PRODUCT = YES;
			};
			name = Release;
		};
		020B838923B6ABD300C3E6D2 /* Debug */ = {
			isa = XCBuildConfiguration;
			buildSettings = {
				ASSETCATALOG_COMPILER_APPICON_NAME = AppIcon;
				CODE_SIGN_STYLE = Automatic;
				DEVELOPMENT_TEAM = V3327DUCDS;
				INFOPLIST_FILE = PlanetAssessment/Info.plist;
				LD_RUNPATH_SEARCH_PATHS = (
					"$(inherited)",
					"@executable_path/Frameworks",
				);
				PRODUCT_BUNDLE_IDENTIFIER = MAC.PlanetAssessment;
				PRODUCT_NAME = PlanetApp;
				SWIFT_VERSION = 5.0;
				TARGETED_DEVICE_FAMILY = "1,2";
			};
			name = Debug;
		};
		020B838A23B6ABD300C3E6D2 /* Release */ = {
			isa = XCBuildConfiguration;
			buildSettings = {
				ASSETCATALOG_COMPILER_APPICON_NAME = AppIcon;
				CODE_SIGN_STYLE = Automatic;
				DEVELOPMENT_TEAM = V3327DUCDS;
				INFOPLIST_FILE = PlanetAssessment/Info.plist;
				LD_RUNPATH_SEARCH_PATHS = (
					"$(inherited)",
					"@executable_path/Frameworks",
				);
				PRODUCT_BUNDLE_IDENTIFIER = MAC.PlanetAssessment;
				PRODUCT_NAME = PlanetApp;
				SWIFT_VERSION = 5.0;
				TARGETED_DEVICE_FAMILY = "1,2";
			};
			name = Release;
		};
		020B83AE23BBF1DA00C3E6D2 /* Debug */ = {
			isa = XCBuildConfiguration;
			buildSettings = {
				BUNDLE_LOADER = "$(TEST_HOST)";
				CODE_SIGN_STYLE = Automatic;
				DEVELOPMENT_TEAM = V3327DUCDS;
				INFOPLIST_FILE = PlanetAssessmentTests/Info.plist;
				LD_RUNPATH_SEARCH_PATHS = (
					"$(inherited)",
					"@executable_path/Frameworks",
					"@loader_path/Frameworks",
				);
				PRODUCT_BUNDLE_IDENTIFIER = MAC.PlanetAssessmentTests;
				PRODUCT_NAME = "$(TARGET_NAME)";
				SWIFT_VERSION = 5.0;
				TARGETED_DEVICE_FAMILY = "1,2";
				TEST_HOST = "$(BUILT_PRODUCTS_DIR)/PlanetAssessment.app/PlanetAssessment";
			};
			name = Debug;
		};
		020B83AF23BBF1DA00C3E6D2 /* Release */ = {
			isa = XCBuildConfiguration;
			buildSettings = {
				BUNDLE_LOADER = "$(TEST_HOST)";
				CODE_SIGN_STYLE = Automatic;
				DEVELOPMENT_TEAM = V3327DUCDS;
				INFOPLIST_FILE = PlanetAssessmentTests/Info.plist;
				LD_RUNPATH_SEARCH_PATHS = (
					"$(inherited)",
					"@executable_path/Frameworks",
					"@loader_path/Frameworks",
				);
				PRODUCT_BUNDLE_IDENTIFIER = MAC.PlanetAssessmentTests;
				PRODUCT_NAME = "$(TARGET_NAME)";
				SWIFT_VERSION = 5.0;
				TARGETED_DEVICE_FAMILY = "1,2";
				TEST_HOST = "$(BUILT_PRODUCTS_DIR)/PlanetAssessment.app/PlanetAssessment";
			};
			name = Release;
		};
/* End XCBuildConfiguration section */

/* Begin XCConfigurationList section */
		020B836C23B6ABD000C3E6D2 /* Build configuration list for PBXProject "PlanetAssessment" */ = {
			isa = XCConfigurationList;
			buildConfigurations = (
				020B838623B6ABD300C3E6D2 /* Debug */,
				020B838723B6ABD300C3E6D2 /* Release */,
			);
			defaultConfigurationIsVisible = 0;
			defaultConfigurationName = Release;
		};
		020B838823B6ABD300C3E6D2 /* Build configuration list for PBXNativeTarget "PlanetAssessment" */ = {
			isa = XCConfigurationList;
			buildConfigurations = (
				020B838923B6ABD300C3E6D2 /* Debug */,
				020B838A23B6ABD300C3E6D2 /* Release */,
			);
			defaultConfigurationIsVisible = 0;
			defaultConfigurationName = Release;
		};
		020B83B023BBF1DA00C3E6D2 /* Build configuration list for PBXNativeTarget "PlanetAssessmentTests" */ = {
			isa = XCConfigurationList;
			buildConfigurations = (
				020B83AE23BBF1DA00C3E6D2 /* Debug */,
				020B83AF23BBF1DA00C3E6D2 /* Release */,
			);
			defaultConfigurationIsVisible = 0;
			defaultConfigurationName = Release;
		};
/* End XCConfigurationList section */

/* Begin XCVersionGroup section */
		020B837D23B6ABD000C3E6D2 /* PlanetAssessment.xcdatamodeld */ = {
			isa = XCVersionGroup;
			children = (
				020B837E23B6ABD000C3E6D2 /* PlanetAssessment.xcdatamodel */,
			);
			currentVersion = 020B837E23B6ABD000C3E6D2 /* PlanetAssessment.xcdatamodel */;
			path = PlanetAssessment.xcdatamodeld;
			sourceTree = "<group>";
			versionGroupType = wrapper.xcdatamodel;
		};
/* End XCVersionGroup section */
	};
	rootObject = 020B836923B6ABD000C3E6D2 /* Project object */;
}
